
Microsoft Visual Studio Solution File, Format Version 12.00
# Visual Studio Version 17
VisualStudioVersion = 17.3.32922.545
MinimumVisualStudioVersion = 10.0.40219.1
Project("{9A19103F-16F7-4668-BE54-9A1E7A4F7556}") = "Pasteimg.Tests", "Pasteimg.Tests\Pasteimg.Tests.csproj", "{5A8D499F-747B-4D94-9C3C-7BDA95ADBDB3}"
EndProject
Project("{D954291E-2A0B-460D-934E-DC6B0785DB48}") = "Pasteimg.Documentation", "Pasteimg.Documentation\Pasteimg.Documentation.shproj", "{8B8228E1-D958-407F-A3CB-A12D2DE23DD0}"
EndProject
Project("{9A19103F-16F7-4668-BE54-9A1E7A4F7556}") = "Pasteimg.Backend", "Pasteimg.Backend\Pasteimg.Backend.csproj", "{A52606DE-C942-4B21-A75F-252F290EF4B7}"
EndProject
Project("{9A19103F-16F7-4668-BE54-9A1E7A4F7556}") = "Pasteimg.Backend.DebugMvc", "Pasteimg.Backend.DebugMvc\Pasteimg.Backend.DebugMvc.csproj", "{5CACB49A-9F4D-4EC5-925F-9D24E795CFFC}"
EndProject
Global
	GlobalSection(SolutionConfigurationPlatforms) = preSolution
		Debug|Any CPU = Debug|Any CPU
		Release|Any CPU = Release|Any CPU
	EndGlobalSection
	GlobalSection(ProjectConfigurationPlatforms) = postSolution
		{5A8D499F-747B-4D94-9C3C-7BDA95ADBDB3}.Debug|Any CPU.ActiveCfg = Debug|Any CPU
		{5A8D499F-747B-4D94-9C3C-7BDA95ADBDB3}.Debug|Any CPU.Build.0 = Debug|Any CPU
		{5A8D499F-747B-4D94-9C3C-7BDA95ADBDB3}.Release|Any CPU.ActiveCfg = Release|Any CPU
		{5A8D499F-747B-4D94-9C3C-7BDA95ADBDB3}.Release|Any CPU.Build.0 = Release|Any CPU
		{A52606DE-C942-4B21-A75F-252F290EF4B7}.Debug|Any CPU.ActiveCfg = Debug|Any CPU
		{A52606DE-C942-4B21-A75F-252F290EF4B7}.Debug|Any CPU.Build.0 = Debug|Any CPU
		{A52606DE-C942-4B21-A75F-252F290EF4B7}.Release|Any CPU.ActiveCfg = Release|Any CPU
		{A52606DE-C942-4B21-A75F-252F290EF4B7}.Release|Any CPU.Build.0 = Release|Any CPU
		{5CACB49A-9F4D-4EC5-925F-9D24E795CFFC}.Debug|Any CPU.ActiveCfg = Debug|Any CPU
		{5CACB49A-9F4D-4EC5-925F-9D24E795CFFC}.Debug|Any CPU.Build.0 = Debug|Any CPU
		{5CACB49A-9F4D-4EC5-925F-9D24E795CFFC}.Release|Any CPU.ActiveCfg = Release|Any CPU
		{5CACB49A-9F4D-4EC5-925F-9D24E795CFFC}.Release|Any CPU.Build.0 = Release|Any CPU
	EndGlobalSection
	GlobalSection(SolutionProperties) = preSolution
		HideSolutionNode = FALSE
	EndGlobalSection
	GlobalSection(ExtensibilityGlobals) = postSolution
		SolutionGuid = {B380C5E8-011F-4D1B-92ED-D4357E7F3280}
	EndGlobalSection
EndGlobal
